{
  "name": "ArcticOliveParallelcompiler",
  "lockfileVersion": 3,
  "requires": true,
  "packages": {
      "": {
          "dependencies": {
              "@google/generative-ai": "^0.1.3",
              "@octokit/core": "^4.2.0",
              "@whiskeysockets/baileys": "^6.6.0",
              "awesome-phonenumber": "^2.64.0",
              "axios": "^0.27.2",
              "body-parser": "^1.20.1",
              "canvas": "^2.11.0",
              "cheerio": "^1.0.0-rc.11",
              "countries-and-timezones": "^3.5.1",
              "djs": "git+https://github.com/inrl-md/obfuscator-io-deobfuscator.git",
              "express": "^4.18.1",
              "express-fileupload": "^1.4.0",
              "file-type": "^16.5.3",
              "form-data": "^4.0.0",
              "gifencoder": "^2.0.1",
              "google-it": "^1.6.2",
              "imgbb-uploader": "^1.4.0",
              "javascript-obfuscator": "^4.1.0",
              "jimp": "^0.16.1",
              "js-beautify": "^1.14.11",
              "jsdom": "^23.2.0",
              "moment-timezone": "^0.5.34",
              "mumaker": "2.0.0",
              "node-cron": "3.0.3",
              "nodemailer": "^6.8.0",
              "path": "^0.12.7",
              "pdfkit": "^0.13.0",
              "pg": "^8.4.0",
              "phone": "3.1.30",
              "pino": "^8.1.0",
              "qrcode": "^1.5.3",
              "sequelize": "^6.21.4",
              "socket.io": "4.7.3",
              "sqlite3": "^5.0.11",
              "uglify-js": "^3.17.4",
              "util": "^0.12.4",
              "youtubei.js": "^6.3.0"
          },
          "engines": {
              "node": "18.12.1",
              "npm": ">=9.7.2"
          }
      },
      "node_modules/@adiwajshing/keyed-db": {
          "version": "0.2.4",
          "resolved": "https://registry.npmjs.org/@adiwajshing/keyed-db/-/keyed-db-0.2.4.tgz",
          "integrity": "sha512-yprSnAtj80/VKuDqRcFFLDYltoNV8tChNwFfIgcf6PGD4sjzWIBgs08pRuTqGH5mk5wgL6PBRSsMCZqtZwzFEw=="
      },
      "node_modules/@asamuzakjp/dom-selector": {
          "version": "2.0.2",
          "resolved": "https://registry.npmjs.org/@asamuzakjp/dom-selector/-/dom-selector-2.0.2.tgz",
          "integrity": "sha512-x1KXOatwofR6ZAYzXRBL5wrdV0vwNxlTCK9NCuLqAzQYARqGcvFwiJA6A1ERuh+dgeA4Dxm3JBYictIes+SqUQ==",
          "dependencies": {
              "bidi-js": "^1.0.3",
              "css-tree": "^2.3.1",
              "is-potential-custom-element-name": "^1.0.1"
          }
      },
      "node_modules/@babel/code-frame": {
          "version": "7.23.5",
          "resolved": "https://registry.npmjs.org/@babel/code-frame/-/code-frame-7.23.5.tgz",
"integrity": "sha512-CgH3s1a96LipHCmSUmYFPwY7MNx8C3avkq7i4Wl3cfa662ldtUe4VM1TPXX70pfmrlWTb6jLqTYrZyT2ZTJBgA==",
            "dependencies": {
                "@babel/highlight": "^7.23.4",
                "chalk": "^2.4.2"
            },
            "engines": {
                "node": ">=6.9.0"
            }
        },
        "node_modules/@babel/generator": {
            "version": "7.23.6",
            "resolved": "https://registry.npmjs.org/@babel/generator/-/generator-7.23.6.tgz",
            "integrity": "sha512-qrSfCYxYQB5owCmGLbl8XRpX1ytXlpueOb0N0UmQwA073KZxejgQTzAmJezxvpwQD9uGtK2shHdi55QT+MbjIw==",
            "dependencies": {
                "@babel/types": "^7.23.6",
                "@jridgewell/gen-mapping": "^0.3.2",
                "@jridgewell/trace-mapping": "^0.3.17",
                "jsesc": "^2.5.1"
            },
            "engines": {
                "node": ">=6.9.0"
            }
        },
        "node_modules/@babel/helper-environment-visitor": {
            "version": "7.22.20",
            "resolved": "https://registry.npmjs.org/@babel/helper-environment-visitor/-/helper-environment-visitor-7.22.20.tgz",
            "integrity": "sha512-zfedSIzFhat/gFhWfHtgWvlec0nqB9YEIVrpuwjruLlXfUSnA8cJB0miHKwqDnQ7d32aKo2xt88/xZptwxbfhA==",
            "engines": {
                "node": ">=6.9.0"
            }
        },
        "node_modules/@babel/helper-function-name": {
            "version": "7.23.0",
            "resolved": "https://registry.npmjs.org/@babel/helper-function-name/-/helper-function-name-7.23.0.tgz",
            "integrity": "sha512-OErEqsrxjZTJciZ4Oo+eoZqeW9UIiOcuYKRJA4ZAgV9myA+pOXhhmpfNCKjEH/auVfEYVFJ6y1Tc4r0eIApqiw==",
            "dependencies": {
                "@babel/template": "^7.22.15",
                "@babel/types": "^7.23.0"
            },
            "engines": {
                "node": ">=6.9.0"
            }
        },
        "node_modules/@babel/helper-hoist-variables": {
            "version": "7.22.5",
            "resolved": "https://registry.npmjs.org/@babel/helper-hoist-variables/-/helper-hoist-variables-7.22.5.tgz",
            "integrity": "sha512-wGjk9QZVzvknA6yKIUURb8zY3grXCcOZt+/7Wcy8O2uctxhplmUPkOdlgoNhmdVee2c92JXbf1xpMtVNbfoxRw==",
            "dependencies": {
                "@babel/types": "^7.22.5"
            },
            "engines": {
                "node": ">=6.9.0"
            }
        },
        "node_modules/@babel/helper-split-export-declaration": {
            "version": "7.22.6",
            "resolved": "https://registry.npmjs.org/@babel/helper-split-export-declaration/-/helper-split-export-declaration-7.22.6.tgz",
            "integrity": "sha512-AsUnxuLhRYsisFiaJwvp1QF+I3KjD5FOxut14q/GzovUe6orHLesW2C7d754kRm53h5gqrz6sFl6sxc4BVtE/g==",
            "dependencies": {
                "@babel/types": "^7.22.5"
            },
            "engines": {
                "node": ">=6.9.0"
            }
        },
        "node_modules/@babel/helper-string-parser": {
            "version": "7.23.4",
            "resolved": "https://registry.npmjs.org/@babel/helper-string-parser/-/helper-string-parser-7.23.4.tgz",
            "integrity": "sha512-803gmbQdqwdf4olxrX4AJyFBV/RTr3rSmOj0rKwesmzlfhYNDEs+/iOcznzpNWlJlIlTJC2QfPFcHB6DlzdVLQ==",
            "engines": {
                "node": ">=6.9.0"
            }
        },
        "node_modules/@babel/helper-validator-identifier": {
            "version": "7.22.20",
            "resolved": "https://registry.npmjs.org/@babel/helper-validator-identifier/-/helper-validator-identifier-7.22.20.tgz",
            "integrity": "sha512-Y4OZ+ytlatR8AI+8KZfKuL5urKp7qey08ha31L8b3BwewJAoJamTzyvxPR/5D+KkdJCGPq/+8TukHBlY10FX9A==",
            "engines": {
                "node": ">=6.9.0"
            }
        },
        "node_modules/@babel/highlight": {
            "version": "7.23.4",
            "resolved": "https://registry.npmjs.org/@babel/highlight/-/highlight-7.23.4.tgz",
            "integrity": "sha512-acGdbYSfp2WheJoJm/EBBBLh/ID8KDc64ISZ9DYtBmC8/Q204PZJLHyzeB5qMzJ5trcOkybd78M4x2KWsUq++A==",
            "dependencies": {
                "@babel/helper-validator-identifier": "^7.22.20",
                "chalk": "^2.4.2",
                "js-tokens": "^4.0.0"
            },
            "engines": {
                "node": ">=6.9.0"
            }
        },
        "node_modules/@babel/parser": {
            "version": "7.23.9",
            "resolved": "https://registry.npmjs.org/@babel/parser/-/parser-7.23.9.tgz",
            "integrity": "sha512-9tcKgqKbs3xGJ+NtKF2ndOBBLVwPjl1SHxPQkd36r3Dlirw3xWUeGaTbqr7uGZcTaxkVNwc+03SVP7aCdWrTlA==",
            "bin": {
                "parser": "bin/babel-parser.js"
            },
            "engines": {
                "node": ">=6.0.0"
            }
        },
        "node_modules/@babel/runtime": {
            "version": "7.23.9",
            "resolved": "https://registry.npmjs.org/@babel/runtime/-/runtime-7.23.9.tgz",
            "integrity": "sha512-0CX6F+BI2s9dkUqr08KFrAIZgNFj75rdBU/DjCyYLIaV/quFjkk6T+EJ2LkZHyZTbEV4L5p97mNkUsHl2wLFAw==",
            "dependencies": {
                "regenerator-runtime": "^0.14.0"
            },
            "engines": {
                "node": ">=6.9.0"
            }
        },
        "node_modules/@babel/runtime/node_modules/regenerator-runtime": {
            "version": "0.14.1",
            "resolved": "https://registry.npmjs.org/regenerator-runtime/-/regenerator-runtime-0.14.1.tgz",
            "integrity": "sha512-dYnhHh0nJoMfnkZs6GmmhFknAGRrLznOu5nc9ML+EJxGvrx6H7teuevqVqCuPcPK//3eDrrjQhehXVx9cnkGdw=="
        },
        "node_modules/@babel/template": {
            "version": "7.23.9",
            "resolved": "https://registry.npmjs.org/@babel/template/-/template-7.23.9.tgz",
            "integrity": "sha512-+xrD2BWLpvHKNmX2QbpdpsBaWnRxahMwJjO+KZk2JOElj5nSmKezyS1B4u+QbHMTX69t4ukm6hh9lsYQ7GHCKA==",
            "dependencies": {
                "@babel/code-frame": "^7.23.5",
                "@babel/parser": "^7.23.9",
                "@babel/types": "^7.23.9"
            },
            "engines": {
                "node": ">=6.9.0"
            }
        },
        "node_modules/@babel/traverse": {
            "version": "7.23.9",
            "resolved": "https://registry.npmjs.org/@babel/traverse/-/traverse-7.23.9.tgz",
            "integrity": "sha512-I/4UJ9vs90OkBtY6iiiTORVMyIhJ4kAVmsKo9KFc8UOxMeUfi2hvtIBsET5u9GizXE6/GFSuKCTNfgCswuEjRg==",
            "dependencies": {
                "@babel/code-frame": "^7.23.5",
                "@babel/generator": "^7.23.6",
                "@babel/helper-environment-visitor": "^7.22.20",
                "@babel/helper-function-name": "^7.23.0",
                "@babel/helper-hoist-variables": "^7.22.5",
                "@babel/helper-split-export-declaration": "^7.22.6",
                "@babel/parser": "^7.23.9",
                "@babel/types": "^7.23.9",
                "debug": "^4.3.1",
                "globals": "^11.1.0"
            },
            "engines": {
                "node": ">=6.9.0"
            }
        },
        "node_modules/@babel/traverse/node_modules/debug": {
            "version": "4.3.4",
            "resolved": "https://registry.npmjs.org/debug/-/debug-4.3.4.tgz",
            "integrity": "sha512-PRWFHuSU3eDtQJPvnNY7Jcket1j0t5OuOsFzPPzsekD52Zl8qUfFIPEiswXqIvHWGVHOgX+7G/vCNNhehwxfkQ==",
            "dependencies": {
                "ms": "2.1.2"
            },
            "engines": {
                "node": ">=6.0"
            },
            "peerDependenciesMeta": {
                "supports-color": {
                    "optional": true
                }
            }
        },
        "node_modules/@babel/traverse/node_modules/ms": {
            "version": "2.1.2",
            "resolved": "https://registry.npmjs.org/ms/-/ms-2.1.2.tgz",
            "integrity": "sha512-sGkPx+VjMtmA6MX27oA4FBFELFCZZ4S4XqeGOXCv68tT+jb3vk/RyaKWP0PTKyWtmLSM0b+adUTEvbs1PEaH2w=="
        },
        "node_modules/@babel/types": {
            "version": "7.23.9",
            "resolved": "https://registry.npmjs.org/@babel/types/-/types-7.23.9.tgz",
            "integrity": "sha512-dQjSq/7HaSjRM43FFGnv5keM2HsxpmyV1PfaSVm0nzzjwwTmjOe6J4bC8e3+pTEIgHaHj+1ZlLThRJ2auc/w1Q==",
            "dependencies": {
                "@babel/helper-string-parser": "^7.23.4",
                "@babel/helper-validator-identifier": "^7.22.20",
                "to-fast-properties": "^2.0.0"
            },
            "engines": {
                "node": ">=6.9.0"
            }
        },
        "node_modules/@eshaz/web-worker": {
            "version": "1.2.2",
            "resolved": "https://registry.npmjs.org/@eshaz/web-worker/-/web-worker-1.2.2.tgz",
            "integrity": "sha512-WxXiHFmD9u/owrzempiDlBB1ZYqiLnm9s6aPc8AlFQalq2tKmqdmMr9GXOupDgzXtqnBipj8Un0gkIm7Sjf8mw=="
        },
        "node_modules/@fastify/busboy": {
            "version": "2.1.0",
            "resolved": "https://registry.npmjs.org/@fastify/busboy/-/busboy-2.1.0.tgz",
            "integrity": "sha512-+KpH+QxZU7O4675t3mnkQKcZZg56u+K/Ct2K+N2AZYNVK8kyeo/bI18tI8aPm3tvNNRyTWfj6s5tnGNlcbQRsA==",
            "engines": {
                "node": ">=14"
            }
        },
        "node_modules/@gar/promisify": {
            "version": "1.1.3",
            "resolved": "https://registry.npmjs.org/@gar/promisify/-/promisify-1.1.3.tgz",
            "integrity": "sha512-k2Ty1JcVojjJFwrg/ThKi2ujJ7XNLYaFGNB/bWT9wGR+oSMJHMa5w+CUq6p/pVrKeNNgA7pCqEcjSnHVoqJQFw==",
            "optional": true
        },
        "node_modules/@google/generative-ai": {
            "version": "0.1.3",
            "resolved": "https://registry.npmjs.org/@google/generative-ai/-/generative-ai-0.1.3.tgz",
            "integrity": "sha512-Cm4uJX1sKarpm1mje/MiOIinM7zdUUrQp/5/qGPAgznbdd/B9zup5ehT6c1qGqycFcSopTA1J1HpqHS5kJR8hQ==",
            "engines": {
                "node": ">=18.0.0"
            }
        },
        "node_modules/@hapi/boom": {
            "version": "9.1.4",
            "resolved": "https://registry.npmjs.org/@hapi/boom/-/boom-9.1.4.tgz",
            "integrity": "sha512-Ls1oH8jaN1vNsqcaHVYJrKmgMcKsC1wcp8bujvXrHaAqD2iDYq3HoOwsxwo09Cuda5R5nC0o0IxlrlTuvPuzSw==",
            "dependencies": {
                "@hapi/hoek": "9.x.x"
            }
        },
        "node_modules/@hapi/hoek": {
            "version": "9.3.0",
            "resolved": "https://registry.npmjs.org/@hapi/hoek/-/hoek-9.3.0.tgz",
            "integrity": "sha512-/c6rf4UJlmHlC9b5BaNvzAcFv7HZ2QHaV0D4/HNlBdvFnvQq8RI4kYdhyPCl7Xj+oWvTWQ8ujhqS53LIgAe6KQ=="
        },
        "node_modules/@isaacs/cliui": {
            "version": "8.0.2",
            "resolved": "https://registry.npmjs.org/@isaacs/cliui/-/cliui-8.0.2.tgz",
            "integrity": "sha512-O8jcjabXaleOG9DQ0+ARXWZBTfnP4WNAqzuiJK7ll44AmxGKv/J2M4TPjxjY3znBCfvBXFzucm1twdyFybFqEA==",
            "dependencies": {
                "string-width": "^5.1.2",
                "string-width-cjs": "npm:string-width@^4.2.0",
                "strip-ansi": "^7.0.1",
                "strip-ansi-cjs": "npm:strip-ansi@^6.0.1",
                "wrap-ansi": "^8.1.0",
                "wrap-ansi-cjs": "npm:wrap-ansi@^7.0.0"
            },
            "engines": {
                "node": ">=12"
            }
        },
        "node_modules/@javascript-obfuscator/escodegen": {
            "version": "2.3.0",
            "resolved": "https://registry.npmjs.org/@javascript-obfuscator/escodegen/-/escodegen-2.3.0.tgz",
            "integrity": "sha512-QVXwMIKqYMl3KwtTirYIA6gOCiJ0ZDtptXqAv/8KWLG9uQU2fZqTVy7a/A5RvcoZhbDoFfveTxuGxJ5ibzQtkw==",
            "dependencies": {
                "@javascript-obfuscator/estraverse": "^5.3.0",
                "esprima": "^4.0.1",
                "esutils": "^2.0.2",
                "optionator": "^0.8.1"
            },
            "engines": {
                "node": ">=6.0"
            },
            "optionalDependencies": {
                "source-map": "~0.6.1"
            }
        },
        "node_modules/@javascript-obfuscator/estraverse": {
            "version": "5.4.0",
            "resolved": "https://registry.npmjs.org/@javascript-obfuscator/estraverse/-/estraverse-5.4.0.tgz",
            "integrity": "sha512-CZFX7UZVN9VopGbjTx4UXaXsi9ewoM1buL0kY7j1ftYdSs7p2spv9opxFjHlQ/QGTgh4UqufYqJJ0WKLml7b6w==",
            "engines": {
                "node": ">=4.0"
            }
        },
        "node_modules/@jimp/bmp": {
            "version": "0.16.13",
            "resolved": "https://registry.npmjs.org/@jimp/bmp/-/bmp-0.16.13.tgz",
            "integrity": "sha512-9edAxu7N2FX7vzkdl5Jo1BbACfycUtBQX+XBMcHA2bk62P8R0otgkHg798frgAk/WxQIzwxqOH6wMiCwrlAzdQ==",
            "dependencies": {
                "@babel/runtime": "^7.7.2",
                "@jimp/utils": "^0.16.13",
                "bmp-js": "^0.1.0"
            },
            "peerDependencies": {
                "@jimp/custom": ">=0.3.5"
            }
        },
        "node_modules/@jimp/core": {
            "version": "0.16.13",
            "resolved": "https://registry.npmjs.org/@jimp/core/-/core-0.16.13.tgz",
            "integrity": "sha512-qXpA1tzTnlkTku9yqtuRtS/wVntvE6f3m3GNxdTdtmc+O+Wcg9Xo2ABPMh7Nc0AHbMKzwvwgB2JnjZmlmJEObg==",
            "dependencies": {
                "@babel/runtime": "^7.7.2",
                "@jimp/utils": "^0.16.13",
                "any-base": "^1.1.0",
                "buffer": "^5.2.0",
                "exif-parser": "^0.1.12",
                "file-type": "^16.5.4",
                "load-bmfont": "^1.3.1",
                "mkdirp": "^0.5.1",
                "phin": "^2.9.1",
                "pixelmatch": "^4.0.2",
                "tinycolor2": "^1.4.1"
            }
        },
        "node_modules/@jimp/core/node_modules/mkdirp": {
            "version": "0.5.6",
            "resolved": "https://registry.npmjs.org/mkdirp/-/mkdirp-0.5.6.tgz",
            "integrity": "sha512-FP+p8RB8OWpF3YZBCrP5gtADmtXApB5AMLn+vdyA+PyxCjrCs00mjyUozssO33cwDeT3wNGdLxJ5M//YqtHAJw==",
            "dependencies": {
                "minimist": "^1.2.6"
            },
            "bin": {
                "mkdirp": "bin/cmd.js"
            }
        },
        "node_modules/@jimp/custom": {
            "version": "0.16.13",
            "resolved": "https://registry.npmjs.org/@jimp/custom/-/custom-0.16.13.tgz",
            "integrity": "sha512-LTATglVUPGkPf15zX1wTMlZ0+AU7cGEGF6ekVF1crA8eHUWsGjrYTB+Ht4E3HTrCok8weQG+K01rJndCp/l4XA==",
            "dependencies": {
                "@babel/runtime": "^7.7.2",
                "@jimp/core": "^0.16.13"
            }
        },
        "node_modules/@jimp/gif": {
            "version": "0.16.13",
            "resolved": "https://registry.npmjs.org/@jimp/gif/-/gif-0.16.13.tgz",
            "integrity": "sha512-yFAMZGv3o+YcjXilMWWwS/bv1iSqykFahFMSO169uVMtfQVfa90kt4/kDwrXNR6Q9i6VHpFiGZMlF2UnHClBvg==",
            "dependencies": {
                "@babel/runtime": "^7.7.2",
                "@jimp/utils": "^0.16.13",
                "gifwrap": "^0.9.2",
                "omggif": "^1.0.9"
            },
            "peerDependencies": {
                "@jimp/custom": ">=0.3.5"
            }
        },
        "node_modules/@jimp/jpeg": {
            "version": "0.16.13",
            "resolved": "https://registry.npmjs.org/@jimp/jpeg/-/jpeg-0.16.13.tgz",
            "integrity": "sha512-BJHlDxzTlCqP2ThqP8J0eDrbBfod7npWCbJAcfkKqdQuFk0zBPaZ6KKaQKyKxmWJ87Z6ohANZoMKEbtvrwz1AA==",
            "dependencies": {
                "@babel/runtime": "^7.7.2",
                "@jimp/utils": "^0.16.13",
                "jpeg-js": "^0.4.2"
            },
            "peerDependencies": {
                "@jimp/custom": ">=0.3.5"
            }
        },
        "node_modules/@jimp/plugin-blit": {
            "version": "0.16.13",
            "resolved": "https://registry.npmjs.org/@jimp/plugin-blit/-/plugin-blit-0.16.13.tgz",
            "integrity": "sha512-8Z1k96ZFxlhK2bgrY1JNWNwvaBeI/bciLM0yDOni2+aZwfIIiC7Y6PeWHTAvjHNjphz+XCt01WQmOYWCn0ML6g==",
            "dependencies": {
                "@babel/runtime": "^7.7.2",
                "@jimp/utils": "^0.16.13"
            },
            "peerDependencies": {
                "@jimp/custom": ">=0.3.5"
            }
        },
        "node_modules/@jimp/plugin-blur": {
            "version": "0.16.13",
            "resolved": "https://registry.npmjs.org/@jimp/plugin-blur/-/plugin-blur-0.16.13.tgz",
            "integrity": "sha512-PvLrfa8vkej3qinlebyhLpksJgCF5aiysDMSVhOZqwH5nQLLtDE9WYbnsofGw4r0VVpyw3H/ANCIzYTyCtP9Cg==",
            "dependencies": {
                "@babel/runtime": "^7.7.2",
                "@jimp/utils": "^0.16.13"
            },
            "peerDependencies": {
                "@jimp/custom": ">=0.3.5"
            }
        },
        "node_modules/@jimp/plugin-circle": {
            "version": "0.16.13",
            "resolved": "https://registry.npmjs.org/@jimp/plugin-circle/-/plugin-circle-0.16.13.tgz",
            "integrity": "sha512-RNave7EFgZrb5V5EpdvJGAEHMnDAJuwv05hKscNfIYxf0kR3KhViBTDy+MoTnMlIvaKFULfwIgaZWzyhuINMzA==",
            "dependencies": {
                "@babel/runtime": "^7.7.2",
                "@jimp/utils": "^0.16.13"
            },
            "peerDependencies": {
 
